// !$*UTF8*$!
{
	archiveVersion = 1;
	classes = {
	};
	objectVersion = 46;
	objects = {

/* Begin PBXBuildFile section */
		9474AB2A1A0BA63400251463 /* RH7SlideUpTransitionAnimator.m in Sources */ = {isa = PBXBuildFile; fileRef = 9474AB291A0BA63400251463 /* RH7SlideUpTransitionAnimator.m */; };
		9477CA5C1A0A620C003DA8D6 /* RGBViewController.m in Sources */ = {isa = PBXBuildFile; fileRef = 9477CA5B1A0A620C003DA8D6 /* RGBViewController.m */; };
		9477CA5E1A0A668B003DA8D6 /* RBGViewController.xib in Resources */ = {isa = PBXBuildFile; fileRef = 9477CA5D1A0A668B003DA8D6 /* RBGViewController.xib */; };
		94F38D6D1A01381D00C014C0 /* main.m in Sources */ = {isa = PBXBuildFile; fileRef = 94F38D6C1A01381D00C014C0 /* main.m */; };
		94F38D701A01381D00C014C0 /* AppDelegate.m in Sources */ = {isa = PBXBuildFile; fileRef = 94F38D6F1A01381D00C014C0 /* AppDelegate.m */; };
		94F38D731A01381D00C014C0 /* ViewController.m in Sources */ = {isa = PBXBuildFile; fileRef = 94F38D721A01381D00C014C0 /* ViewController.m */; };
		94F38D761A01381D00C014C0 /* Main.storyboard in Resources */ = {isa = PBXBuildFile; fileRef = 94F38D741A01381D00C014C0 /* Main.storyboard */; };
		94F38D781A01381D00C014C0 /* Images.xcassets in Resources */ = {isa = PBXBuildFile; fileRef = 94F38D771A01381D00C014C0 /* Images.xcassets */; };
		94F38D7B1A01381D00C014C0 /* LaunchScreen.xib in Resources */ = {isa = PBXBuildFile; fileRef = 94F38D791A01381D00C014C0 /* LaunchScreen.xib */; };
		94F38D871A01381E00C014C0 /* WTests.m in Sources */ = {isa = PBXBuildFile; fileRef = 94F38D861A01381E00C014C0 /* WTests.m */; };
		94F38D921A01383300C014C0 /* WallpaperView.m in Sources */ = {isa = PBXBuildFile; fileRef = 94F38D911A01383300C014C0 /* WallpaperView.m */; };
/* End PBXBuildFile section */

/* Begin PBXContainerItemProxy section */
		94F38D811A01381E00C014C0 /* PBXContainerItemProxy */ = {
			isa = PBXContainerItemProxy;
			containerPortal = 94F38D5F1A01381D00C014C0 /* Project object */;
			proxyType = 1;
			remoteGlobalIDString = 94F38D661A01381D00C014C0;
			remoteInfo = W;
		};
/* End PBXContainerItemProxy section */

/* Begin PBXFileReference section */
		9474AB281A0BA63400251463 /* RH7SlideUpTransitionAnimator.h */ = {isa = PBXFileReference; fileEncoding = 4; lastKnownFileType = sourcecode.c.h; path = RH7SlideUpTransitionAnimator.h; sourceTree = "<group>"; };
		9474AB291A0BA63400251463 /* RH7SlideUpTransitionAnimator.m */ = {isa = PBXFileReference; fileEncoding = 4; lastKnownFileType = sourcecode.c.objc; path = RH7SlideUpTransitionAnimator.m; sourceTree = "<group>"; };
		9477CA5A1A0A620C003DA8D6 /* RGBViewController.h */ = {isa = PBXFileReference; fileEncoding = 4; lastKnownFileType = sourcecode.c.h; path = RGBViewController.h; sourceTree = "<group>"; };
		9477CA5B1A0A620C003DA8D6 /* RGBViewController.m */ = {isa = PBXFileReference; fileEncoding = 4; lastKnownFileType = sourcecode.c.objc; path = RGBViewController.m; sourceTree = "<group>"; };
		9477CA5D1A0A668B003DA8D6 /* RBGViewController.xib */ = {isa = PBXFileReference; fileEncoding = 4; lastKnownFileType = file.xib; path = RBGViewController.xib; sourceTree = "<group>"; };
		94F38D671A01381D00C014C0 /* W.app */ = {isa = PBXFileReference; explicitFileType = wrapper.application; includeInIndex = 0; path = W.app; sourceTree = BUILT_PRODUCTS_DIR; };
		94F38D6B1A01381D00C014C0 /* Info.plist */ = {isa = PBXFileReference; lastKnownFileType = text.plist.xml; path = Info.plist; sourceTree = "<group>"; };
		94F38D6C1A01381D00C014C0 /* main.m */ = {isa = PBXFileReference; lastKnownFileType = sourcecode.c.objc; path = main.m; sourceTree = "<group>"; };
		94F38D6E1A01381D00C014C0 /* AppDelegate.h */ = {isa = PBXFileReference; lastKnownFileType = sourcecode.c.h; path = AppDelegate.h; sourceTree = "<group>"; };
		94F38D6F1A01381D00C014C0 /* AppDelegate.m */ = {isa = PBXFileReference; lastKnownFileType = sourcecode.c.objc; path = AppDelegate.m; sourceTree = "<group>"; };
		94F38D711A01381D00C014C0 /* ViewController.h */ = {isa = PBXFileReference; lastKnownFileType = sourcecode.c.h; path = ViewController.h; sourceTree = "<group>"; };
		94F38D721A01381D00C014C0 /* ViewController.m */ = {isa = PBXFileReference; lastKnownFileType = sourcecode.c.objc; path = ViewController.m; sourceTree = "<group>"; };
		94F38D751A01381D00C014C0 /* Base */ = {isa = PBXFileReference; lastKnownFileType = file.storyboard; name = Base; path = Base.lproj/Main.storyboard; sourceTree = "<group>"; };
		94F38D771A01381D00C014C0 /* Images.xcassets */ = {isa = PBXFileReference; lastKnownFileType = folder.assetcatalog; path = Images.xcassets; sourceTree = "<group>"; };
		94F38D7A1A01381D00C014C0 /* Base */ = {isa = PBXFileReference; lastKnownFileType = file.xib; name = Base; path = Base.lproj/LaunchScreen.xib; sourceTree = "<group>"; };
		94F38D801A01381E00C014C0 /* WTests.xctest */ = {isa = PBXFileReference; explicitFileType = wrapper.cfbundle; includeInIndex = 0; path = WTests.xctest; sourceTree = BUILT_PRODUCTS_DIR; };
		94F38D851A01381E00C014C0 /* Info.plist */ = {isa = PBXFileReference; lastKnownFileType = text.plist.xml; path = Info.plist; sourceTree = "<group>"; };
		94F38D861A01381E00C014C0 /* WTests.m */ = {isa = PBXFileReference; lastKnownFileType = sourcecode.c.objc; path = WTests.m; sourceTree = "<group>"; };
		94F38D901A01383300C014C0 /* WallpaperView.h */ = {isa = PBXFileReference; fileEncoding = 4; lastKnownFileType = sourcecode.c.h; path = WallpaperView.h; sourceTree = SOURCE_ROOT; };
		94F38D911A01383300C014C0 /* WallpaperView.m */ = {isa = PBXFileReference; fileEncoding = 4; lastKnownFileType = sourcecode.c.objc; path = WallpaperView.m; sourceTree = SOURCE_ROOT; };
/* End PBXFileReference section */

/* Begin PBXFrameworksBuildPhase section */
		94F38D641A01381D00C014C0 /* Frameworks */ = {
			isa = PBXFrameworksBuildPhase;
			buildActionMask = 2147483647;
			files = (
			);
			runOnlyForDeploymentPostprocessing = 0;
		};
		94F38D7D1A01381E00C014C0 /* Frameworks */ = {
			isa = PBXFrameworksBuildPhase;
			buildActionMask = 2147483647;
			files = (
			);
			runOnlyForDeploymentPostprocessing = 0;
		};
/* End PBXFrameworksBuildPhase section */

/* Begin PBXGroup section */
		94BF4E4D1A27980A0028B23A /* ViewControllerTransitionObject */ = {
			isa = PBXGroup;
			children = (
				9474AB281A0BA63400251463 /* RH7SlideUpTransitionAnimator.h */,
				9474AB291A0BA63400251463 /* RH7SlideUpTransitionAnimator.m */,
			);
			name = ViewControllerTransitionObject;
			path = ..;
			sourceTree = "<group>";
		};
		94BF4E4E1A2798900028B23A /* RGBValueController */ = {
			isa = PBXGroup;
			children = (
				9477CA5A1A0A620C003DA8D6 /* RGBViewController.h */,
				9477CA5B1A0A620C003DA8D6 /* RGBViewController.m */,
				9477CA5D1A0A668B003DA8D6 /* RBGViewController.xib */,
			);
			name = RGBValueController;
			path = ..;
			sourceTree = "<group>";
		};
		94BF4E4F1A2799150028B23A /* WallpaperView */ = {
			isa = PBXGroup;
			children = (
				94F38D901A01383300C014C0 /* WallpaperView.h */,
				94F38D911A01383300C014C0 /* WallpaperView.m */,
			);
			name = WallpaperView;
			sourceTree = "<group>";
		};
		94F38D5E1A01381D00C014C0 = {
			isa = PBXGroup;
			children = (
				94F38D691A01381D00C014C0 /* W */,
				94F38D831A01381E00C014C0 /* WTests */,
				94F38D681A01381D00C014C0 /* Products */,
			);
			sourceTree = "<group>";
		};
		94F38D681A01381D00C014C0 /* Products */ = {
			isa = PBXGroup;
			children = (
				94F38D671A01381D00C014C0 /* W.app */,
				94F38D801A01381E00C014C0 /* WTests.xctest */,
			);
			name = Products;
			sourceTree = "<group>";
		};
		94F38D691A01381D00C014C0 /* W */ = {
			isa = PBXGroup;
			children = (
				94F38D6E1A01381D00C014C0 /* AppDelegate.h */,
				94F38D6F1A01381D00C014C0 /* AppDelegate.m */,
				94F38D711A01381D00C014C0 /* ViewController.h */,
				94F38D721A01381D00C014C0 /* ViewController.m */,
				94F38D741A01381D00C014C0 /* Main.storyboard */,
				94BF4E4F1A2799150028B23A /* WallpaperView */,
				94BF4E4E1A2798900028B23A /* RGBValueController */,
				94BF4E4D1A27980A0028B23A /* ViewControllerTransitionObject */,
				94F38D6A1A01381D00C014C0 /* Supporting Files */,
			);
			path = W;
			sourceTree = "<group>";
		};
		94F38D6A1A01381D00C014C0 /* Supporting Files */ = {
			isa = PBXGroup;
			children = (
				94F38D771A01381D00C014C0 /* Images.xcassets */,
				94F38D791A01381D00C014C0 /* LaunchScreen.xib */,
				94F38D6B1A01381D00C014C0 /* Info.plist */,
				94F38D6C1A01381D00C014C0 /* main.m */,
			);
			name = "Supporting Files";
			sourceTree = "<group>";
		};
		94F38D831A01381E00C014C0 /* WTests */ = {
			isa = PBXGroup;
			children = (
				94F38D861A01381E00C014C0 /* WTests.m */,
				94F38D841A01381E00C014C0 /* Supporting Files */,
			);
			path = WTests;
			sourceTree = "<group>";
		};
		94F38D841A01381E00C014C0 /* Supporting Files */ = {
			isa = PBXGroup;
			children = (
				94F38D851A01381E00C014C0 /* Info.plist */,
			);
			name = "Supporting Files";
			sourceTree = "<group>";
		};
/* End PBXGroup section */

/* Begin PBXNativeTarget section */
		94F38D661A01381D00C014C0 /* W */ = {
			isa = PBXNativeTarget;
			buildConfigurationList = 94F38D8A1A01381E00C014C0 /* Build configuration list for PBXNativeTarget "W" */;
			buildPhases = (
				94F38D631A01381D00C014C0 /* Sources */,
				94F38D641A01381D00C014C0 /* Frameworks */,
				94F38D651A01381D00C014C0 /* Resources */,
			);
			buildRules = (
			);
			dependencies = (
			);
			name = W;
			productName = W;
			productReference = 94F38D671A01381D00C014C0 /* W.app */;
			productType = "com.apple.product-type.application";
		};
		94F38D7F1A01381E00C014C0 /* WTests */ = {
			isa = PBXNativeTarget;
			buildConfigurationList = 94F38D8D1A01381E00C014C0 /* Build configuration list for PBXNativeTarget "WTests" */;
			buildPhases = (
				94F38D7C1A01381E00C014C0 /* Sources */,
				94F38D7D1A01381E00C014C0 /* Frameworks */,
				94F38D7E1A01381E00C014C0 /* Resources */,
			);
			buildRules = (
			);
			dependencies = (
				94F38D821A01381E00C014C0 /* PBXTargetDependency */,
			);
			name = WTests;
			productName = WTests;
			productReference = 94F38D801A01381E00C014C0 /* WTests.xctest */;
			productType = "com.apple.product-type.bundle.unit-test";
		};
/* End PBXNativeTarget section */

/* Begin PBXProject section */
		94F38D5F1A01381D00C014C0 /* Project object */ = {
			isa = PBXProject;
			attributes = {
				LastUpgradeCheck = 0610;
				ORGANIZATIONNAME = kidliaa;
				TargetAttributes = {
					94F38D661A01381D00C014C0 = {
						CreatedOnToolsVersion = 6.1;
						DevelopmentTeam = H2NZ29B2SP;
					};
					94F38D7F1A01381E00C014C0 = {
						CreatedOnToolsVersion = 6.1;
						TestTargetID = 94F38D661A01381D00C014C0;
					};
				};
			};
			buildConfigurationList = 94F38D621A01381D00C014C0 /* Build configuration list for PBXProject "W" */;
			compatibilityVersion = "Xcode 3.2";
			developmentRegion = English;
			hasScannedForEncodings = 0;
			knownRegions = (
				en,
				Base,
			);
			mainGroup = 94F38D5E1A01381D00C014C0;
			productRefGroup = 94F38D681A01381D00C014C0 /* Products */;
			projectDirPath = "";
			projectRoot = "";
			targets = (
				94F38D661A01381D00C014C0 /* W */,
				94F38D7F1A01381E00C014C0 /* WTests */,
			);
		};
/* End PBXProject section */

/* Begin PBXResourcesBuildPhase section */
		94F38D651A01381D00C014C0 /* Resources */ = {
			isa = PBXResourcesBuildPhase;
			buildActionMask = 2147483647;
			files = (
				9477CA5E1A0A668B003DA8D6 /* RBGViewController.xib in Resources */,
				94F38D761A01381D00C014C0 /* Main.storyboard in Resources */,
				94F38D7B1A01381D00C014C0 /* LaunchScreen.xib in Resources */,
				94F38D781A01381D00C014C0 /* Images.xcassets in Resources */,
			);
			runOnlyForDeploymentPostprocessing = 0;
		};
		94F38D7E1A01381E00C014C0 /* Resources */ = {
			isa = PBXResourcesBuildPhase;
			buildActionMask = 2147483647;
			files = (
			);
			runOnlyForDeploymentPostprocessing = 0;
		};
/* End PBXResourcesBuildPhase section */

/* Begin PBXSourcesBuildPhase section */
		94F38D631A01381D00C014C0 /* Sources */ = {
			isa = PBXSourcesBuildPhase;
			buildActionMask = 2147483647;
			files = (
				94F38D731A01381D00C014C0 /* ViewController.m in Sources */,
				94F38D921A01383300C014C0 /* WallpaperView.m in Sources */,
				9477CA5C1A0A620C003DA8D6 /* RGBViewController.m in Sources */,
				94F38D701A01381D00C014C0 /* AppDelegate.m in Sources */,
				94F38D6D1A01381D00C014C0 /* main.m in Sources */,
				9474AB2A1A0BA63400251463 /* RH7SlideUpTransitionAnimator.m in Sources */,
			);
			runOnlyForDeploymentPostprocessing = 0;
		};
		94F38D7C1A01381E00C014C0 /* Sources */ = {
			isa = PBXSourcesBuildPhase;
			buildActionMask = 2147483647;
			files = (
				94F38D871A01381E00C014C0 /* WTests.m in Sources */,
			);
			runOnlyForDeploymentPostprocessing = 0;
		};
/* End PBXSourcesBuildPhase section */

/* Begin PBXTargetDependency section */
		94F38D821A01381E00C014C0 /* PBXTargetDependency */ = {
			isa = PBXTargetDependency;
			target = 94F38D661A01381D00C014C0 /* W */;
			targetProxy = 94F38D811A01381E00C014C0 /* PBXContainerItemProxy */;
		};
/* End PBXTargetDependency section */

/* Begin PBXVariantGroup section */
		94F38D741A01381D00C014C0 /* Main.storyboard */ = {
			isa = PBXVariantGroup;
			children = (
				94F38D751A01381D00C014C0 /* Base */,
			);
			name = Main.storyboard;
			sourceTree = "<group>";
		};
		94F38D791A01381D00C014C0 /* LaunchScreen.xib */ = {
			isa = PBXVariantGroup;
			children = (
				94F38D7A1A01381D00C014C0 /* Base */,
			);
			name = LaunchScreen.xib;
			sourceTree = "<group>";
		};
/* End PBXVariantGroup section */

/* Begin XCBuildConfiguration section */
		94F38D881A01381E00C014C0 /* Debug */ = {
			isa = XCBuildConfiguration;
			buildSettings = {
				ALWAYS_SEARCH_USER_PATHS = NO;
				CLANG_CXX_LANGUAGE_STANDARD = "gnu++0x";
				CLANG_CXX_LIBRARY = "libc++";
				CLANG_ENABLE_MODULES = YES;
				CLANG_ENABLE_OBJC_ARC = YES;
				CLANG_WARN_BOOL_CONVERSION = YES;
				CLANG_WARN_CONSTANT_CONVERSION = YES;
				CLANG_WARN_DIRECT_OBJC_ISA_USAGE = YES_ERROR;
				CLANG_WARN_EMPTY_BODY = YES;
				CLANG_WARN_ENUM_CONVERSION = YES;
				CLANG_WARN_INT_CONVERSION = YES;
				CLANG_WARN_OBJC_ROOT_CLASS = YES_ERROR;
				CLANG_WARN_UNREACHABLE_CODE = YES;
				CLANG_WARN__DUPLICATE_METHOD_MATCH = YES;
				"CODE_SIGN_IDENTITY[sdk=iphoneos*]" = "iPhone Developer";
				COPY_PHASE_STRIP = NO;
				ENABLE_STRICT_OBJC_MSGSEND = YES;
				GCC_C_LANGUAGE_STANDARD = gnu99;
				GCC_DYNAMIC_NO_PIC = NO;
				GCC_OPTIMIZATION_LEVEL = 0;
				GCC_PREPROCESSOR_DEFINITIONS = (
					"DEBUG=1",
					"$(inherited)",
				);
				GCC_SYMBOLS_PRIVATE_EXTERN = NO;
				GCC_WARN_64_TO_32_BIT_CONVERSION = YES;
				GCC_WARN_ABOUT_RETURN_TYPE = YES_ERROR;
				GCC_WARN_UNDECLARED_SELECTOR = YES;
				GCC_WARN_UNINITIALIZED_AUTOS = YES_AGGRESSIVE;
				GCC_WARN_UNUSED_FUNCTION = YES;
				GCC_WARN_UNUSED_VARIABLE = YES;
				IPHONEOS_DEPLOYMENT_TARGET = 8.1;
				MTL_ENABLE_DEBUG_INFO = YES;
				ONLY_ACTIVE_ARCH = YES;
				SDKROOT = iphoneos;
				TARGETED_DEVICE_FAMILY = "1,2";
			};
			name = Debug;
		};
		94F38D891A01381E00C014C0 /* Release */ = {
			isa = XCBuildConfiguration;
			buildSettings = {
				ALWAYS_SEARCH_USER_PATHS = NO;
				CLANG_CXX_LANGUAGE_STANDARD = "gnu++0x";
				CLANG_CXX_LIBRARY = "libc++";
				CLANG_ENABLE_MODULES = YES;
				CLANG_ENABLE_OBJC_ARC = YES;
				CLANG_WARN_BOOL_CONVERSION = YES;
				CLANG_WARN_CONSTANT_CONVERSION = YES;
				CLANG_WARN_DIRECT_OBJC_ISA_USAGE = YES_ERROR;
				CLANG_WARN_EMPTY_BODY = YES;
				CLANG_WARN_ENUM_CONVERSION = YES;
				CLANG_WARN_INT_CONVERSION = YES;
				CLANG_WARN_OBJC_ROOT_CLASS = YES_ERROR;
				CLANG_WARN_UNREACHABLE_CODE = YES;
				CLANG_WARN__DUPLICATE_METHOD_MATCH = YES;
				"CODE_SIGN_IDENTITY[sdk=iphoneos*]" = "iPhone Developer";
				COPY_PHASE_STRIP = YES;
				ENABLE_NS_ASSERTIONS = NO;
				ENABLE_STRICT_OBJC_MSGSEND = YES;
				GCC_C_LANGUAGE_STANDARD = gnu99;
				GCC_WARN_64_TO_32_BIT_CONVERSION = YES;
				GCC_WARN_ABOUT_RETURN_TYPE = YES_ERROR;
				GCC_WARN_UNDECLARED_SELECTOR = YES;
				GCC_WARN_UNINITIALIZED_AUTOS = YES_AGGRESSIVE;
				GCC_WARN_UNUSED_FUNCTION = YES;
				GCC_WARN_UNUSED_VARIABLE = YES;
				IPHONEOS_DEPLOYMENT_TARGET = 8.1;
				MTL_ENABLE_DEBUG_INFO = NO;
				SDKROOT = iphoneos;
				TARGETED_DEVICE_FAMILY = "1,2";
				VALIDATE_PRODUCT = YES;
			};
			name = Release;
		};
		94F38D8B1A01381E00C014C0 /* Debug */ = {
			isa = XCBuildConfiguration;
			buildSettings = {
				ASSETCATALOG_COMPILER_APPICON_NAME = AppIcon;
				CODE_SIGN_IDENTITY = "iPhone Developer";
				"CODE_SIGN_IDENTITY[sdk=iphoneos*]" = "iPhone Developer";
				INFOPLIST_FILE = W/Info.plist;
				IPHONEOS_DEPLOYMENT_TARGET = 7.0;
				LD_RUNPATH_SEARCH_PATHS = "$(inherited) @executable_path/Frameworks";
				PRODUCT_NAME = "$(TARGET_NAME)";
				PROVISIONING_PROFILE = "";
			};
			name = Debug;
		};
		94F38D8C1A01381E00C014C0 /* Release */ = {
			isa = XCBuildConfiguration;
			buildSettings = {
				ASSETCATALOG_COMPILER_APPICON_NAME = AppIcon;
				CODE_SIGN_IDENTITY = "iPhone Developer";
				"CODE_SIGN_IDENTITY[sdk=iphoneos*]" = "iPhone Developer";
				INFOPLIST_FILE = W/Info.plist;
				IPHONEOS_DEPLOYMENT_TARGET = 7.0;
				LD_RUNPATH_SEARCH_PATHS = "$(inherited) @executable_path/Frameworks";
				PRODUCT_NAME = "$(TARGET_NAME)";
				PROVISIONING_PROFILE = "";
			};
			name = Release;
		};
		94F38D8E1A01381E00C014C0 /* Debug */ = {
			isa = XCBuildConfiguration;
			buildSettings = {
				BUNDLE_LOADER = "$(TEST_HOST)";
				FRAMEWORK_SEARCH_PATHS = (
					"$(SDKROOT)/Developer/Library/Frameworks",
					"$(inherited)",
				);
				GCC_PREPROCESSOR_DEFINITIONS = (
					"DEBUG=1",
					"$(inherited)",
				);
				INFOPLIST_FILE = WTests/Info.plist;
				LD_RUNPATH_SEARCH_PATHS = "$(inherited) @executable_path/Frameworks @loader_path/Frameworks";
				PRODUCT_NAME = "$(TARGET_NAME)";
				TEST_HOST = "$(BUILT_PRODUCTS_DIR)/W.app/W";
			};
			name = Debug;
		};
		94F38D8F1A01381E00C014C0 /* Release */ = {
			isa = XCBuildConfiguration;
			buildSettings = {
				BUNDLE_LOADER = "$(TEST_HOST)";
				FRAMEWORK_SEARCH_PATHS = (
					"$(SDKROOT)/Developer/Library/Frameworks",
					"$(inherited)",
				);
				INFOPLIST_FILE = WTests/Info.plist;
				LD_RUNPATH_SEARCH_PATHS = "$(inherited) @executable_path/Frameworks @loader_path/Frameworks";
				PRODUCT_NAME = "$(TARGET_NAME)";
				TEST_HOST = "$(BUILT_PRODUCTS_DIR)/W.app/W";
			};
			name = Release;
		};
/* End XCBuildConfiguration section */

/* Begin XCConfigurationList section */
		94F38D621A01381D00C014C0 /* Build configuration list for PBXProject "W" */ = {
			isa = XCConfigurationList;
			buildConfigurations = (
				94F38D881A01381E00C014C0 /* Debug */,
				94F38D891A01381E00C014C0 /* Release */,
			);
			defaultConfigurationIsVisible = 0;
			defaultConfigurationName = Release;
		};
		94F38D8A1A01381E00C014C0 /* Build configuration list for PBXNativeTarget "W" */ = {
			isa = XCConfigurationList;
			buildConfigurations = (
				94F38D8B1A01381E00C014C0 /* Debug */,
				94F38D8C1A01381E00C014C0 /* Release */,
			);
			defaultConfigurationIsVisible = 0;
			defaultConfigurationName = Release;
		};
		94F38D8D1A01381E00C014C0 /* Build configuration list for PBXNativeTarget "WTests" */ = {
			isa = XCConfigurationList;
			buildConfigurations = (
				94F38D8E1A01381E00C014C0 /* Debug */,
				94F38D8F1A01381E00C014C0 /* Release */,
			);
			defaultConfigurationIsVisible = 0;
			defaultConfigurationName = Release;
		};
/* End XCConfigurationList section */
	};
	rootObject = 94F38D5F1A01381D00C014C0 /* Project object */;
}
